
Microsoft Visual Studio Solution File, Format Version 12.00
# Visual Studio 15
VisualStudioVersion = 15.0.27703.2026
MinimumVisualStudioVersion = 10.0.40219.1
Project("{FAE04EC0-301F-11D3-BF4B-00C04F79EFBC}") = "SudokuSolver", "SudokuSolver\SudokuSolver.csproj", "{992259DC-0B46-40FC-9E7A-29CE0033E536}"
EndProject
Global
	GlobalSection(SolutionConfigurationPlatforms) = preSolution
		Debug|Any CPU = Debug|Any CPU
		Release|Any CPU = Release|Any CPU
	EndGlobalSection
	GlobalSection(ProjectConfigurationPlatforms) = postSolution
		{992259DC-0B46-40FC-9E7A-29CE0033E536}.Debug|Any CPU.ActiveCfg = Debug|Any CPU
		{992259DC-0B46-40FC-9E7A-29CE0033E536}.Debug|Any CPU.Build.0 = Debug|Any CPU
		{992259DC-0B46-40FC-9E7A-29CE0033E536}.Release|Any CPU.ActiveCfg = Release|Any CPU
		{992259DC-0B46-40FC-9E7A-29CE0033E536}.Release|Any CPU.Build.0 = Release|Any CPU
	EndGlobalSection
	GlobalSection(SolutionProperties) = preSolution
		HideSolutionNode = FALSE
	EndGlobalSection
	GlobalSection(ExtensibilityGlobals) = postSolution
		SolutionGuid = {89DFB72D-6C37-42B9-863D-2657D52A1BD9}
	EndGlobalSection
EndGlobal
