
Microsoft Visual Studio Solution File, Format Version 12.00
# Visual Studio 15
VisualStudioVersion = 15.0.27703.2026
MinimumVisualStudioVersion = 10.0.40219.1
Project("{FAE04EC0-301F-11D3-BF4B-00C04F79EFBC}") = "MyIA", "MyIA\MyIA.csproj", "{B372CE4C-D7AD-4580-B05B-CC1ECFC9BFAD}"
EndProject
Global
	GlobalSection(SolutionConfigurationPlatforms) = preSolution
		Debug|Any CPU = Debug|Any CPU
		Release|Any CPU = Release|Any CPU
	EndGlobalSection
	GlobalSection(ProjectConfigurationPlatforms) = postSolution
		{B372CE4C-D7AD-4580-B05B-CC1ECFC9BFAD}.Debug|Any CPU.ActiveCfg = Debug|Any CPU
		{B372CE4C-D7AD-4580-B05B-CC1ECFC9BFAD}.Debug|Any CPU.Build.0 = Debug|Any CPU
		{B372CE4C-D7AD-4580-B05B-CC1ECFC9BFAD}.Release|Any CPU.ActiveCfg = Release|Any CPU
		{B372CE4C-D7AD-4580-B05B-CC1ECFC9BFAD}.Release|Any CPU.Build.0 = Release|Any CPU
	EndGlobalSection
	GlobalSection(SolutionProperties) = preSolution
		HideSolutionNode = FALSE
	EndGlobalSection
	GlobalSection(ExtensibilityGlobals) = postSolution
		SolutionGuid = {41C0DB85-27A8-40D9-B129-0262FBFC2B10}
	EndGlobalSection
EndGlobal
